version = 1
revision = 3
requires-python = ">=3.13"

[[package]]
name = "colorama"
version = "0.4.6"
source = { registry = "https://us-python.pkg.dev/artifact-foundry-prod/ah-3p-staging-python/simple/" }
sdist = { url = "https://us-python.pkg.dev/artifact-foundry-prod/ah-3p-staging-python/colorama/colorama-0.4.6.tar.gz", hash = "sha256:08695f5cb7ed6e0531a20572697297273c47b8cae5a63ffc6d6ed5c201be6e44" }
wheels = [
    { url = "https://us-python.pkg.dev/artifact-foundry-prod/ah-3p-staging-python/colorama/colorama-0.4.6-py2.py3-none-any.whl", hash = "sha256:4f1d9991f5acc0ca119f9d443620b77f9d6b33703e51011c16baf57afb285fc6" },
]

[[package]]
name = "coverage"
version = "7.15.2"
source = { registry = "https://us-python.pkg.dev/artifact-foundry-prod/ah-3p-staging-python/simple/" }
sdist = { url = "https://us-python.pkg.dev/artifact-foundry-prod/ah-3p-staging-python/coverage/coverage-7.15.2.tar.gz", hash = "sha256:3df60dc267f0a2ca23cb7a9ab1109c62b9335ffbf519fcfe167157c28c09b81d" }
wheels = [
    { url = "https://us-python.pkg.dev/artifact-foundry-prod/ah-3p-staging-python/coverage/coverage-7.15.2-cp313-cp313-macosx_10_13_x86_64.whl", hash = "sha256:1121caa19159a38b5463eaae4b1e1fde81e525b15ecc5e000cd5b1a108f743a8" },
    { url = "https://us-python.pkg.dev/artifact-foundry-prod/ah-3p-staging-python/coverage/coverage-7.15.2-cp313-cp313-macosx_11_0_arm64.whl", hash = "sha256:a300c6934e0989c327b9e8a1e110329da4641149f872bbe9f70168be66da76c1" },
    { url = "https://us-python.pkg.dev/artifact-foundry-prod/ah-3p-staging-python/coverage/coverage-7.15.2-cp313-cp313-manylinux1_i686.manylinux_2_28_i686.manylinux_2_5_i686.whl", hash = "sha256:2617f8799d268fabdeef42a7e89ac3a23e1deee9025427db2df970f99a89a578" },
    { url = "https://us-python.pkg.dev/artifact-foundry-prod/ah-3p-staging-python/coverage/coverage-7.15.2-cp313-cp313-manylinux1_x86_64.manylinux_2_28_x86_64.manylinux_2_5_x86_64.whl", hash = "sha256:7dc2950a2992cd676d35c20ae63522836deeb034f08874699d14068710af3dc1" },
    { url = "https://us-python.pkg.dev/artifact-foundry-prod/ah-3p-staging-python/coverage/coverage-7.15.2-cp313-cp313-manylinux2014_aarch64.manylinux_2_17_aarch64.manylinux_2_28_aarch64.whl", hash = "sha256:9e36686f7a442185db2400b3df171aac520869faf9deb59df687d28659eda2a6" },
    { url = "https://us-python.pkg.dev/artifact-foundry-prod/ah-3p-staging-python/coverage/coverage-7.15.2-cp313-cp313-manylinux2014_ppc64le.manylinux_2_17_ppc64le.manylinux_2_28_ppc64le.whl", hash = "sha256:7d29ca7bd67af6e12e74632d65f026eabc1364da5c254494cd914446a28a3ef7" },
    { url = "https://us-python.pkg.dev/artifact-foundry-prod/ah-3p-staging-python/coverage/coverage-7.15.2-cp313-cp313-manylinux_2_31_riscv64.manylinux_2_39_riscv64.whl", hash = "sha256:db9c8438057e5b0f6a22a0af99c0c1d26b57fbbdbd1be5861ddb8f897fcc3a2d" },
    { url = "https://us-python.pkg.dev/artifact-foundry-prod/ah-3p-staging-python/coverage/coverage-7.15.2-cp313-cp313-musllinux_1_2_aarch64.whl", hash = "sha256:63022c4c8dec1d0342f05c3ede99842fe3d007689acc45e86f123a1746e4a026" },
    { url = "https://us-python.pkg.dev/artifact-foundry-prod/ah-3p-staging-python/coverage/coverage-7.15.2-cp313-cp313-musllinux_1_2_i686.whl", hash = "sha256:6c0be82b4d4aa5b2704e08518e2252f3e3d110164bcca826816801052e48a7aa" },
    { url = "https://us-python.pkg.dev/artifact-foundry-prod/ah-3p-staging-python/coverage/coverage-7.15.2-cp313-cp313-musllinux_1_2_ppc64le.whl", hash = "sha256:4510fb9cdf6bb02dfa6af0be4a534b8102d086e22e4a33f8836df663da3d660d" },
    { url = "https://us-python.pkg.dev/artifact-foundry-prod/ah-3p-staging-python/coverage/coverage-7.15.2-cp313-cp313-musllinux_1_2_riscv64.whl", hash = "sha256:42ec3d989421b174a2ab607c1539f24127ad362757b7f1c0c0d7a2993f7eb37b" },
    { url = "https://us-python.pkg.dev/artifact-foundry-prod/ah-3p-staging-python/coverage/coverage-7.15.2-cp313-cp313-musllinux_1_2_x86_64.whl", hash = "sha256:e8f91bce78e32343af184c3b7fa28fcf5a9e2641f4b6623d392038f804939188" },
    { url = "https://us-python.pkg.dev/artifact-foundry-prod/ah-3p-staging-python/coverage/coverage-7.15.2-cp313-cp313-win32.whl", hash = "sha256:434e68d531858205895eb0d74b73d20b84260de426387d53c422a5acda2cf050" },
    { url = "https://us-python.pkg.dev/artifact-foundry-prod/ah-3p-staging-python/coverage/coverage-7.15.2-cp313-cp313-win_amd64.whl", hash = "sha256:26c3b04a6377fd7c09800921fa934e3a17c0020439cd59df73e73ae1d4b6a78c" },
    { url = "https://us-python.pkg.dev/artifact-foundry-prod/ah-3p-staging-python/coverage/coverage-7.15.2-cp313-cp313-win_arm64.whl", hash = "sha256:3ed010aa1b69cda8e827aabfca9866216c980e2dca82ab9a78c5f83689964c8b" },
    { url = "https://us-python.pkg.dev/artifact-foundry-prod/ah-3p-staging-python/coverage/coverage-7.15.2-cp314-cp314-macosx_10_15_x86_64.whl", hash = "sha256:40f633c5c5fc783732f6312280122e859538fa24461235597c13d803ea9a108a" },
    { url = "https://us-python.pkg.dev/artifact-foundry-prod/ah-3p-staging-python/coverage/coverage-7.15.2-cp314-cp314-macosx_11_0_arm64.whl", hash = "sha256:075560438765b7a2ef43bf7aa7758661b53d889df47f062a31bda6c1ade553a2" },
    { url = "https://us-python.pkg.dev/artifact-foundry-prod/ah-3p-staging-python/coverage/coverage-7.15.2-cp314-cp314-manylinux1_i686.manylinux_2_28_i686.manylinux_2_5_i686.whl", hash = "sha256:25fd15dd40a0a2c51a500d664ca29053c09c3259d998407bf982b6e114696138" },
    { url = "https://us-python.pkg.dev/artifact-foundry-prod/ah-3p-staging-python/coverage/coverage-7.15.2-cp314-cp314-manylinux1_x86_64.manylinux_2_28_x86_64.manylinux_2_5_x86_64.whl", hash = "sha256:b9a6367e4aff723e8ee8190836836124284e8fcd4265e307c844010cfa074f3f" },
    { url = "https://us-python.pkg.dev/artifact-foundry-prod/ah-3p-staging-python/coverage/coverage-7.15.2-cp314-cp314-manylinux2014_aarch64.manylinux_2_17_aarch64.manylinux_2_28_aarch64.whl", hash = "sha256:9854ca62c152874b2060772503535be2e8f53f70b8aaa7686b094888d872f984" },
    { url = "https://us-python.pkg.dev/artifact-foundry-prod/ah-3p-staging-python/coverage/coverage-7.15.2-cp314-cp314-manylinux2014_ppc64le.manylinux_2_17_ppc64le.manylinux_2_28_ppc64le.whl", hash = "sha256:913b6c56e110da40e035bbd168353bf7aaa2544a5eaccea5d98a4629aac156c7" },
    { url = "https://us-python.pkg.dev/artifact-foundry-prod/ah-3p-staging-python/coverage/coverage-7.15.2-cp314-cp314-manylinux_2_31_riscv64.manylinux_2_39_riscv64.whl", hash = "sha256:aaccad4129d735a8a4d526f26929894c9a4e8ef7034566f210b176749d6906e3" },
    { url = "https://us-python.pkg.dev/artifact-foundry-prod/ah-3p-staging-python/coverage/coverage-7.15.2-cp314-cp314-musllinux_1_2_aarch64.whl", hash = "sha256:a164b50081fc7357331c4024ef4d17b78ba325f8380d05f5a69599a7e05257ee" },
    { url = "https://us-python.pkg.dev/artifact-foundry-prod/ah-3p-staging-python/coverage/coverage-7.15.2-cp314-cp314-musllinux_1_2_i686.whl", hash = "sha256:bfd341ccf78128e72c094bc70cc25b3ef309c33c7c2c66ba3ed4309549e02de1" },
    { url = "https://us-python.pkg.dev/artifact-foundry-prod/ah-3p-staging-python/coverage/coverage-7.15.2-cp314-cp314-musllinux_1_2_ppc64le.whl", hash = "sha256:1473b3ba8e7ee0f076117b1a72c23f579a2b9e2bb742f48a8d86ea27ca93f91a" },
    { url = "https://us-python.pkg.dev/artifact-foundry-prod/ah-3p-staging-python/coverage/coverage-7.15.2-cp314-cp314-musllinux_1_2_riscv64.whl", hash = "sha256:17c432b5f73ad52ef46fb06019f6fa7c66ce381961cf0f7dfd1d3a4bd3a98145" },
    { url = "https://us-python.pkg.dev/artifact-foundry-prod/ah-3p-staging-python/coverage/coverage-7.15.2-cp314-cp314-musllinux_1_2_x86_64.whl", hash = "sha256:77f0ef5011df53a4bd1b35211ab122287f8d9b8d7aa1c4553e5c2deb24b1d446" },
    { url = "https://us-python.pkg.dev/artifact-foundry-prod/ah-3p-staging-python/coverage/coverage-7.15.2-cp314-cp314-win32.whl", hash = "sha256:f653e5d7248c1191ec988a85c72edeab46c3ff44f90639a4ed4874ec0be90243" },
    { url = "https://us-python.pkg.dev/artifact-foundry-prod/ah-3p-staging-python/coverage/coverage-7.15.2-cp314-cp314-win_amd64.whl", hash = "sha256:9911f31aad8906abe337c271343485cf20df5e70df5d2f57f9f136e7b55f26bc" },
    { url = "https://us-python.pkg.dev/artifact-foundry-prod/ah-3p-staging-python/coverage/coverage-7.15.2-cp314-cp314-win_arm64.whl", hash = "sha256:e38def96ad59853824c97953fdcd2c320a84ba3ce99b417db78af8bb6c3db635" },
    { url = "https://us-python.pkg.dev/artifact-foundry-prod/ah-3p-staging-python/coverage/coverage-7.15.2-cp314-cp314t-macosx_10_15_x86_64.whl", hash = "sha256:835ec4e20b45f0a7f63ed78f94065aca00de033403df8377bfe8b9c6abc0a7be" },
    { url = "https://us-python.pkg.dev/artifact-foundry-prod/ah-3p-staging-python/coverage/coverage-7.15.2-cp314-cp314t-macosx_11_0_arm64.whl", hash = "sha256:7466cc7ab6dc0db871d264bf99e8779f0917ee63d40730af0552f71535a6e072" },
    { url = "https://us-python.pkg.dev/artifact-foundry-prod/ah-3p-staging-python/coverage/coverage-7.15.2-cp314-cp314t-manylinux1_i686.manylinux_2_28_i686.manylinux_2_5_i686.whl", hash = "sha256:e370c12133095ff18432de8c044962be85a5a96d90c6fcbce8e17e76236d2328" },
    { url = "https://us-python.pkg.dev/artifact-foundry-prod/ah-3p-staging-python/coverage/coverage-7.15.2-cp314-cp314t-manylinux1_x86_64.manylinux_2_28_x86_64.manylinux_2_5_x86_64.whl", hash = "sha256:fe41909c9515c3bfdb5f02c4d1f857dba322d9a9a1178069b91eea77889df63a" },
    { url = "https://us-python.pkg.dev/artifact-foundry-prod/ah-3p-staging-python/coverage/coverage-7.15.2-cp314-cp314t-manylinux2014_aarch64.manylinux_2_17_aarch64.manylinux_2_28_aarch64.whl", hash = "sha256:6aa28cfb6488e5453b5b762d65f73aa586380f6693a04d58078ce228a29b06c0" },
    { url = "https://us-python.pkg.dev/artifact-foundry-prod/ah-3p-staging-python/coverage/coverage-7.15.2-cp314-cp314t-manylinux2014_ppc64le.manylinux_2_17_ppc64le.manylinux_2_28_ppc64le.whl", hash = "sha256:bcc0aae933921d03096f53b0b03eeb702129fd406dee59f08d2efacc68681fa5" },
    { url = "https://us-python.pkg.dev/artifact-foundry-prod/ah-3p-staging-python/coverage/coverage-7.15.2-cp314-cp314t-manylinux_2_31_riscv64.manylinux_2_39_riscv64.whl", hash = "sha256:7c63387e21ab21f512c69c9756a8c7dadd322c7275edb064064433c9a09c3743" },
    { url = "https://us-python.pkg.dev/artifact-foundry-prod/ah-3p-staging-python/coverage/coverage-7.15.2-cp314-cp314t-musllinux_1_2_aarch64.whl", hash = "sha256:0e55510bc98ae943cece9e667a6c0fe94c6a92913720dea34243657a17993d0c" },
    { url = "https://us-python.pkg.dev/artifact-foundry-prod/ah-3p-staging-python/coverage/coverage-7.15.2-cp314-cp314t-musllinux_1_2_i686.whl", hash = "sha256:2ff08701be2d1556fc78b326c80a3e8042da09352ecb3819105f8e386c8a3071" },
    { url = "https://us-python.pkg.dev/artifact-foundry-prod/ah-3p-staging-python/coverage/coverage-7.15.2-cp314-cp314t-musllinux_1_2_ppc64le.whl", hash = "sha256:38c9518b7103826c403a461544e3c2e77151e8676d06eaed85911a97e962584a" },
    { url = "https://us-python.pkg.dev/artifact-foundry-prod/ah-3p-staging-python/coverage/coverage-7.15.2-cp314-cp314t-musllinux_1_2_riscv64.whl", hash = "sha256:dee88b1ed88587abd8c0269a1fc1f4cc77f7750d1dfde2869e2a123af420e67d" },
    { url = "https://us-python.pkg.dev/artifact-foundry-prod/ah-3p-staging-python/coverage/coverage-7.15.2-cp314-cp314t-musllinux_1_2_x86_64.whl", hash = "sha256:2fbeeeecea279727f8ac16c8e1133ddfeee793e985c86ae343d6a5ce744eef8c" },
    { url = "https://us-python.pkg.dev/artifact-foundry-prod/ah-3p-staging-python/coverage/coverage-7.15.2-cp314-cp314t-win32.whl", hash = "sha256:cb0fddaa6884be6aae36ced9544b5e90f7d5f03845a2853bf47a14953a4e8688" },
    { url = "https://us-python.pkg.dev/artifact-foundry-prod/ah-3p-staging-python/coverage/coverage-7.15.2-cp314-cp314t-win_amd64.whl", hash = "sha256:77f091ea3a9cc611cd29f433565476bc1936c084ac8eee00ea0e7e70c27e4199" },
    { url = "https://us-python.pkg.dev/artifact-foundry-prod/ah-3p-staging-python/coverage/coverage-7.15.2-cp314-cp314t-win_arm64.whl", hash = "sha256:6fc448c377d6eeb00a47c673494bd9bae29280ca53987e1869e67ebedfe20658" },
    { url = "https://us-python.pkg.dev/artifact-foundry-prod/ah-3p-staging-python/coverage/coverage-7.15.2-py3-none-any.whl", hash = "sha256:eb6bcae8d1a9d305351ecb108232441d11c5cfe9de840a04388ba5d2db8d735c" },
]

[[package]]
name = "html5lib"
version = "1.1"
source = { registry = "https://us-python.pkg.dev/artifact-foundry-prod/ah-3p-staging-python/simple/" }
dependencies = [
    { name = "six" },
    { name = "webencodings" },
]
sdist = { url = "https://us-python.pkg.dev/artifact-foundry-prod/ah-3p-staging-python/html5lib/html5lib-1.1.tar.gz", hash = "sha256:b2e5b40261e20f354d198eae92afc10d750afb487ed5e50f9c4eaf07c184146f" }
wheels = [
    { url = "https://us-python.pkg.dev/artifact-foundry-prod/ah-3p-staging-python/html5lib/html5lib-1.1-py2.py3-none-any.whl", hash = "sha256:0d78f8fde1c230e99fe37986a60526d7049ed4bf8a9fadbad5f00e22e58e041d" },
]

[[package]]
name = "iniconfig"
version = "2.3.0"
source = { registry = "https://us-python.pkg.dev/artifact-foundry-prod/ah-3p-staging-python/simple/" }
sdist = { url = "https://us-python.pkg.dev/artifact-foundry-prod/ah-3p-staging-python/iniconfig/iniconfig-2.3.0.tar.gz", hash = "sha256:c76315c77db068650d49c5b56314774a7804df16fee4402c1f19d6d15d8c4730" }
wheels = [
    { url = "https://us-python.pkg.dev/artifact-foundry-prod/ah-3p-staging-python/iniconfig/iniconfig-2.3.0-py3-none-any.whl", hash = "sha256:f631c04d2c48c52b84d0d0549c99ff3859c98df65b3101406327ecc7d53fbf12" },
]

[[package]]
name = "jsdoctor"
version = "0.1.0"
source = { virtual = "." }
dependencies = [
    { name = "html5lib" },
]

[package.dev-dependencies]
dev = [
    { name = "coverage" },
    { name = "pytest" },
]

[package.metadata]
requires-dist = [{ name = "html5lib", specifier = ">=1.1" }]

[package.metadata.requires-dev]
dev = [
    { name = "coverage", specifier = ">=7.15.2" },
    { name = "pytest", specifier = ">=8.0.0" },
]

[[package]]
name = "packaging"
version = "26.2"
source = { registry = "https://us-python.pkg.dev/artifact-foundry-prod/ah-3p-staging-python/simple/" }
sdist = { url = "https://us-python.pkg.dev/artifact-foundry-prod/ah-3p-staging-python/packaging/packaging-26.2.tar.gz", hash = "sha256:ff452ff5a3e828ce110190feff1178bb1f2ea2281fa2075aadb987c2fb221661" }
wheels = [
    { url = "https://us-python.pkg.dev/artifact-foundry-prod/ah-3p-staging-python/packaging/packaging-26.2-py3-none-any.whl", hash = "sha256:5fc45236b9446107ff2415ce77c807cee2862cb6fac22b8a73826d0693b0980e" },
]

[[package]]
name = "pluggy"
version = "1.6.0"
source = { registry = "https://us-python.pkg.dev/artifact-foundry-prod/ah-3p-staging-python/simple/" }
sdist = { url = "https://us-python.pkg.dev/artifact-foundry-prod/ah-3p-staging-python/pluggy/pluggy-1.6.0.tar.gz", hash = "sha256:7dcc130b76258d33b90f61b658791dede3486c3e6bfb003ee5c9bfb396dd22f3" }
wheels = [
    { url = "https://us-python.pkg.dev/artifact-foundry-prod/ah-3p-staging-python/pluggy/pluggy-1.6.0-py3-none-any.whl", hash = "sha256:e920276dd6813095e9377c0bc5566d94c932c33b27a3e3945d8389c374dd4746" },
]

[[package]]
name = "pygments"
version = "2.20.0"
source = { registry = "https://us-python.pkg.dev/artifact-foundry-prod/ah-3p-staging-python/simple/" }
sdist = { url = "https://us-python.pkg.dev/artifact-foundry-prod/ah-3p-staging-python/pygments/pygments-2.20.0.tar.gz", hash = "sha256:6757cd03768053ff99f3039c1a36d6c0aa0b263438fcab17520b30a303a82b5f" }
wheels = [
    { url = "https://us-python.pkg.dev/artifact-foundry-prod/ah-3p-staging-python/pygments/pygments-2.20.0-py3-none-any.whl", hash = "sha256:81a9e26dd42fd28a23a2d169d86d7ac03b46e2f8b59ed4698fb4785f946d0176" },
]

[[package]]
name = "pytest"
version = "9.1.1"
source = { registry = "https://us-python.pkg.dev/artifact-foundry-prod/ah-3p-staging-python/simple/" }
dependencies = [
    { name = "colorama", marker = "sys_platform == 'win32'" },
    { name = "iniconfig" },
    { name = "packaging" },
    { name = "pluggy" },
    { name = "pygments" },
]
sdist = { url = "https://us-python.pkg.dev/artifact-foundry-prod/ah-3p-staging-python/pytest/pytest-9.1.1.tar.gz", hash = "sha256:1088fbde8f2b49d95a549a195707afa7a76a3ce9bcadc26b6d71f0ffda5fe313" }
wheels = [
    { url = "https://us-python.pkg.dev/artifact-foundry-prod/ah-3p-staging-python/pytest/pytest-9.1.1-py3-none-any.whl", hash = "sha256:37a86b45efb9a47a61a36449063e8e18d0cab3161329fc099eb21783169c4f0c" },
]

[[package]]
name = "six"
version = "1.17.0"
source = { registry = "https://us-python.pkg.dev/artifact-foundry-prod/ah-3p-staging-python/simple/" }
sdist = { url = "https://us-python.pkg.dev/artifact-foundry-prod/ah-3p-staging-python/six/six-1.17.0.tar.gz", hash = "sha256:ff70335d468e7eb6ec65b95b99d3a2836546063f63acc5171de367e834932a81" }
wheels = [
    { url = "https://us-python.pkg.dev/artifact-foundry-prod/ah-3p-staging-python/six/six-1.17.0-py2.py3-none-any.whl", hash = "sha256:4721f391ed90541fddacab5acf947aa0d3dc7d27b2e1e8eda2be8970586c3274" },
]

[[package]]
name = "webencodings"
version = "0.5.1"
source = { registry = "https://us-python.pkg.dev/artifact-foundry-prod/ah-3p-staging-python/simple/" }
sdist = { url = "https://us-python.pkg.dev/artifact-foundry-prod/ah-3p-staging-python/webencodings/webencodings-0.5.1.tar.gz", hash = "sha256:b36a1c245f2d304965eb4e0a82848379241dc04b865afcc4aab16748587e1923" }
wheels = [
    { url = "https://us-python.pkg.dev/artifact-foundry-prod/ah-3p-staging-python/webencodings/webencodings-0.5.1-py2.py3-none-any.whl", hash = "sha256:a0af1213f3c2226497a97e2b3aa01a7e4bee4f403f95be16fc9acd2947514a78" },
]
